// !$*UTF8*$!
{
	archiveVersion = 1;
	classes = {
	};
	objectVersion = 56;
	objects = {

/* Begin PBXBuildFile section */
		4C1DE3632ACDA9D60093BD24 /* AppDelegate.swift in Sources */ = {isa = PBXBuildFile; fileRef = 4C1DE3622ACDA9D60093BD24 /* AppDelegate.swift */; };
		4C1DE3652ACDA9D60093BD24 /* SceneDelegate.swift in Sources */ = {isa = PBXBuildFile; fileRef = 4C1DE3642ACDA9D60093BD24 /* SceneDelegate.swift */; };
		4C1DE3672ACDA9D60093BD24 /* ViewController.swift in Sources */ = {isa = PBXBuildFile; fileRef = 4C1DE3662ACDA9D60093BD24 /* ViewController.swift */; };
		4C1DE36A2ACDA9D60093BD24 /* Main.storyboard in Resources */ = {isa = PBXBuildFile; fileRef = 4C1DE3682ACDA9D60093BD24 /* Main.storyboard */; };
		4C1DE36D2ACDA9D60093BD24 /* clicker_game.xcdatamodeld in Sources */ = {isa = PBXBuildFile; fileRef = 4C1DE36B2ACDA9D60093BD24 /* clicker_game.xcdatamodeld */; };
		4C1DE36F2ACDA9D70093BD24 /* Assets.xcassets in Resources */ = {isa = PBXBuildFile; fileRef = 4C1DE36E2ACDA9D70093BD24 /* Assets.xcassets */; };
		4C1DE3722ACDA9D70093BD24 /* LaunchScreen.storyboard in Resources */ = {isa = PBXBuildFile; fileRef = 4C1DE3702ACDA9D70093BD24 /* LaunchScreen.storyboard */; };
		4C1DE37D2ACDA9D70093BD24 /* clicker_gameTests.swift in Sources */ = {isa = PBXBuildFile; fileRef = 4C1DE37C2ACDA9D70093BD24 /* clicker_gameTests.swift */; };
		4C1DE3872ACDA9D70093BD24 /* clicker_gameUITests.swift in Sources */ = {isa = PBXBuildFile; fileRef = 4C1DE3862ACDA9D70093BD24 /* clicker_gameUITests.swift */; };
		4C1DE3892ACDA9D70093BD24 /* clicker_gameUITestsLaunchTests.swift in Sources */ = {isa = PBXBuildFile; fileRef = 4C1DE3882ACDA9D70093BD24 /* clicker_gameUITestsLaunchTests.swift */; };
/* End PBXBuildFile section */

/* Begin PBXContainerItemProxy section */
		4C1DE3792ACDA9D70093BD24 /* PBXContainerItemProxy */ = {
			isa = PBXContainerItemProxy;
			containerPortal = 4C1DE3572ACDA9D60093BD24 /* Project object */;
			proxyType = 1;
			remoteGlobalIDString = 4C1DE35E2ACDA9D60093BD24;
			remoteInfo = "clicker game";
		};
		4C1DE3832ACDA9D70093BD24 /* PBXContainerItemProxy */ = {
			isa = PBXContainerItemProxy;
			containerPortal = 4C1DE3572ACDA9D60093BD24 /* Project object */;
			proxyType = 1;
			remoteGlobalIDString = 4C1DE35E2ACDA9D60093BD24;
			remoteInfo = "clicker game";
		};
/* End PBXContainerItemProxy section */

/* Begin PBXFileReference section */
		4C1DE35F2ACDA9D60093BD24 /* clicker game.app */ = {isa = PBXFileReference; explicitFileType = wrapper.application; includeInIndex = 0; path = "clicker game.app"; sourceTree = BUILT_PRODUCTS_DIR; };
		4C1DE3622ACDA9D60093BD24 /* AppDelegate.swift */ = {isa = PBXFileReference; lastKnownFileType = sourcecode.swift; path = AppDelegate.swift; sourceTree = "<group>"; };
		4C1DE3642ACDA9D60093BD24 /* SceneDelegate.swift */ = {isa = PBXFileReference; lastKnownFileType = sourcecode.swift; path = SceneDelegate.swift; sourceTree = "<group>"; };
		4C1DE3662ACDA9D60093BD24 /* ViewController.swift */ = {isa = PBXFileReference; lastKnownFileType = sourcecode.swift; path = ViewController.swift; sourceTree = "<group>"; };
		4C1DE3692ACDA9D60093BD24 /* Base */ = {isa = PBXFileReference; lastKnownFileType = file.storyboard; name = Base; path = Base.lproj/Main.storyboard; sourceTree = "<group>"; };
		4C1DE36C2ACDA9D60093BD24 /* clicker_game.xcdatamodel */ = {isa = PBXFileReference; lastKnownFileType = wrapper.xcdatamodel; path = clicker_game.xcdatamodel; sourceTree = "<group>"; };
		4C1DE36E2ACDA9D70093BD24 /* Assets.xcassets */ = {isa = PBXFileReference; lastKnownFileType = folder.assetcatalog; path = Assets.xcassets; sourceTree = "<group>"; };
		4C1DE3712ACDA9D70093BD24 /* Base */ = {isa = PBXFileReference; lastKnownFileType = file.storyboard; name = Base; path = Base.lproj/LaunchScreen.storyboard; sourceTree = "<group>"; };
		4C1DE3732ACDA9D70093BD24 /* Info.plist */ = {isa = PBXFileReference; lastKnownFileType = text.plist.xml; path = Info.plist; sourceTree = "<group>"; };
		4C1DE3782ACDA9D70093BD24 /* clicker gameTests.xctest */ = {isa = PBXFileReference; explicitFileType = wrapper.cfbundle; includeInIndex = 0; path = "clicker gameTests.xctest"; sourceTree = BUILT_PRODUCTS_DIR; };
		4C1DE37C2ACDA9D70093BD24 /* clicker_gameTests.swift */ = {isa = PBXFileReference; lastKnownFileType = sourcecode.swift; path = clicker_gameTests.swift; sourceTree = "<group>"; };
		4C1DE3822ACDA9D70093BD24 /* clicker gameUITests.xctest */ = {isa = PBXFileReference; explicitFileType = wrapper.cfbundle; includeInIndex = 0; path = "clicker gameUITests.xctest"; sourceTree = BUILT_PRODUCTS_DIR; };
		4C1DE3862ACDA9D70093BD24 /* clicker_gameUITests.swift */ = {isa = PBXFileReference; lastKnownFileType = sourcecode.swift; path = clicker_gameUITests.swift; sourceTree = "<group>"; };
		4C1DE3882ACDA9D70093BD24 /* clicker_gameUITestsLaunchTests.swift */ = {isa = PBXFileReference; lastKnownFileType = sourcecode.swift; path = clicker_gameUITestsLaunchTests.swift; sourceTree = "<group>"; };
/* End PBXFileReference section */

/* Begin PBXFrameworksBuildPhase section */
		4C1DE35C2ACDA9D60093BD24 /* Frameworks */ = {
			isa = PBXFrameworksBuildPhase;
			buildActionMask = 2147483647;
			files = (
			);
			runOnlyForDeploymentPostprocessing = 0;
		};
		4C1DE3752ACDA9D70093BD24 /* Frameworks */ = {
			isa = PBXFrameworksBuildPhase;
			buildActionMask = 2147483647;
			files = (
			);
			runOnlyForDeploymentPostprocessing = 0;
		};
		4C1DE37F2ACDA9D70093BD24 /* Frameworks */ = {
			isa = PBXFrameworksBuildPhase;
			buildActionMask = 2147483647;
			files = (
			);
			runOnlyForDeploymentPostprocessing = 0;
		};
/* End PBXFrameworksBuildPhase section */

/* Begin PBXGroup section */
		4C1DE3562ACDA9D60093BD24 = {
			isa = PBXGroup;
			children = (
				4C1DE3612ACDA9D60093BD24 /* clicker game */,
				4C1DE37B2ACDA9D70093BD24 /* clicker gameTests */,
				4C1DE3852ACDA9D70093BD24 /* clicker gameUITests */,
				4C1DE3602ACDA9D60093BD24 /* Products */,
			);
			sourceTree = "<group>";
		};
		4C1DE3602ACDA9D60093BD24 /* Products */ = {
			isa = PBXGroup;
			children = (
				4C1DE35F2ACDA9D60093BD24 /* clicker game.app */,
				4C1DE3782ACDA9D70093BD24 /* clicker gameTests.xctest */,
				4C1DE3822ACDA9D70093BD24 /* clicker gameUITests.xctest */,
			);
			name = Products;
			sourceTree = "<group>";
		};
		4C1DE3612ACDA9D60093BD24 /* clicker game */ = {
			isa = PBXGroup;
			children = (
				4C1DE3622ACDA9D60093BD24 /* AppDelegate.swift */,
				4C1DE3642ACDA9D60093BD24 /* SceneDelegate.swift */,
				4C1DE3662ACDA9D60093BD24 /* ViewController.swift */,
				4C1DE3682ACDA9D60093BD24 /* Main.storyboard */,
				4C1DE36E2ACDA9D70093BD24 /* Assets.xcassets */,
				4C1DE3702ACDA9D70093BD24 /* LaunchScreen.storyboard */,
				4C1DE3732ACDA9D70093BD24 /* Info.plist */,
				4C1DE36B2ACDA9D60093BD24 /* clicker_game.xcdatamodeld */,
			);
			path = "clicker game";
			sourceTree = "<group>";
		};
		4C1DE37B2ACDA9D70093BD24 /* clicker gameTests */ = {
			isa = PBXGroup;
			children = (
				4C1DE37C2ACDA9D70093BD24 /* clicker_gameTests.swift */,
			);
			path = "clicker gameTests";
			sourceTree = "<group>";
		};
		4C1DE3852ACDA9D70093BD24 /* clicker gameUITests */ = {
			isa = PBXGroup;
			children = (
				4C1DE3862ACDA9D70093BD24 /* clicker_gameUITests.swift */,
				4C1DE3882ACDA9D70093BD24 /* clicker_gameUITestsLaunchTests.swift */,
			);
			path = "clicker gameUITests";
			sourceTree = "<group>";
		};
/* End PBXGroup section */

/* Begin PBXNativeTarget section */
		4C1DE35E2ACDA9D60093BD24 /* clicker game */ = {
			isa = PBXNativeTarget;
			buildConfigurationList = 4C1DE38C2ACDA9D70093BD24 /* Build configuration list for PBXNativeTarget "clicker game" */;
			buildPhases = (
				4C1DE35B2ACDA9D60093BD24 /* Sources */,
				4C1DE35C2ACDA9D60093BD24 /* Frameworks */,
				4C1DE35D2ACDA9D60093BD24 /* Resources */,
			);
			buildRules = (
			);
			dependencies = (
			);
			name = "clicker game";
			productName = "clicker game";
			productReference = 4C1DE35F2ACDA9D60093BD24 /* clicker game.app */;
			productType = "com.apple.product-type.application";
		};
		4C1DE3772ACDA9D70093BD24 /* clicker gameTests */ = {
			isa = PBXNativeTarget;
			buildConfigurationList = 4C1DE38F2ACDA9D70093BD24 /* Build configuration list for PBXNativeTarget "clicker gameTests" */;
			buildPhases = (
				4C1DE3742ACDA9D70093BD24 /* Sources */,
				4C1DE3752ACDA9D70093BD24 /* Frameworks */,
				4C1DE3762ACDA9D70093BD24 /* Resources */,
			);
			buildRules = (
			);
			dependencies = (
				4C1DE37A2ACDA9D70093BD24 /* PBXTargetDependency */,
			);
			name = "clicker gameTests";
			productName = "clicker gameTests";
			productReference = 4C1DE3782ACDA9D70093BD24 /* clicker gameTests.xctest */;
			productType = "com.apple.product-type.bundle.unit-test";
		};
		4C1DE3812ACDA9D70093BD24 /* clicker gameUITests */ = {
			isa = PBXNativeTarget;
			buildConfigurationList = 4C1DE3922ACDA9D70093BD24 /* Build configuration list for PBXNativeTarget "clicker gameUITests" */;
			buildPhases = (
				4C1DE37E2ACDA9D70093BD24 /* Sources */,
				4C1DE37F2ACDA9D70093BD24 /* Frameworks */,
				4C1DE3802ACDA9D70093BD24 /* Resources */,
			);
			buildRules = (
			);
			dependencies = (
				4C1DE3842ACDA9D70093BD24 /* PBXTargetDependency */,
			);
			name = "clicker gameUITests";
			productName = "clicker gameUITests";
			productReference = 4C1DE3822ACDA9D70093BD24 /* clicker gameUITests.xctest */;
			productType = "com.apple.product-type.bundle.ui-testing";
		};
/* End PBXNativeTarget section */

/* Begin PBXProject section */
		4C1DE3572ACDA9D60093BD24 /* Project object */ = {
			isa = PBXProject;
			attributes = {
				BuildIndependentTargetsInParallel = 1;
				LastSwiftUpdateCheck = 1430;
				LastUpgradeCheck = 1430;
				TargetAttributes = {
					4C1DE35E2ACDA9D60093BD24 = {
						CreatedOnToolsVersion = 14.3.1;
					};
					4C1DE3772ACDA9D70093BD24 = {
						CreatedOnToolsVersion = 14.3.1;
						TestTargetID = 4C1DE35E2ACDA9D60093BD24;
					};
					4C1DE3812ACDA9D70093BD24 = {
						CreatedOnToolsVersion = 14.3.1;
						TestTargetID = 4C1DE35E2ACDA9D60093BD24;
					};
				};
			};
			buildConfigurationList = 4C1DE35A2ACDA9D60093BD24 /* Build configuration list for PBXProject "clicker game" */;
			compatibilityVersion = "Xcode 14.0";
			developmentRegion = en;
			hasScannedForEncodings = 0;
			knownRegions = (
				en,
				Base,
			);
			mainGroup = 4C1DE3562ACDA9D60093BD24;
			productRefGroup = 4C1DE3602ACDA9D60093BD24 /* Products */;
			projectDirPath = "";
			projectRoot = "";
			targets = (
				4C1DE35E2ACDA9D60093BD24 /* clicker game */,
				4C1DE3772ACDA9D70093BD24 /* clicker gameTests */,
				4C1DE3812ACDA9D70093BD24 /* clicker gameUITests */,
			);
		};
/* End PBXProject section */

/* Begin PBXResourcesBuildPhase section */
		4C1DE35D2ACDA9D60093BD24 /* Resources */ = {
			isa = PBXResourcesBuildPhase;
			buildActionMask = 2147483647;
			files = (
				4C1DE3722ACDA9D70093BD24 /* LaunchScreen.storyboard in Resources */,
				4C1DE36F2ACDA9D70093BD24 /* Assets.xcassets in Resources */,
				4C1DE36A2ACDA9D60093BD24 /* Main.storyboard in Resources */,
			);
			runOnlyForDeploymentPostprocessing = 0;
		};
		4C1DE3762ACDA9D70093BD24 /* Resources */ = {
			isa = PBXResourcesBuildPhase;
			buildActionMask = 2147483647;
			files = (
			);
			runOnlyForDeploymentPostprocessing = 0;
		};
		4C1DE3802ACDA9D70093BD24 /* Resources */ = {
			isa = PBXResourcesBuildPhase;
			buildActionMask = 2147483647;
			files = (
			);
			runOnlyForDeploymentPostprocessing = 0;
		};
/* End PBXResourcesBuildPhase section */

/* Begin PBXSourcesBuildPhase section */
		4C1DE35B2ACDA9D60093BD24 /* Sources */ = {
			isa = PBXSourcesBuildPhase;
			buildActionMask = 2147483647;
			files = (
				4C1DE3672ACDA9D60093BD24 /* ViewController.swift in Sources */,
				4C1DE3632ACDA9D60093BD24 /* AppDelegate.swift in Sources */,
				4C1DE3652ACDA9D60093BD24 /* SceneDelegate.swift in Sources */,
				4C1DE36D2ACDA9D60093BD24 /* clicker_game.xcdatamodeld in Sources */,
			);
			runOnlyForDeploymentPostprocessing = 0;
		};
		4C1DE3742ACDA9D70093BD24 /* Sources */ = {
			isa = PBXSourcesBuildPhase;
			buildActionMask = 2147483647;
			files = (
				4C1DE37D2ACDA9D70093BD24 /* clicker_gameTests.swift in Sources */,
			);
			runOnlyForDeploymentPostprocessing = 0;
		};
		4C1DE37E2ACDA9D70093BD24 /* Sources */ = {
			isa = PBXSourcesBuildPhase;
			buildActionMask = 2147483647;
			files = (
				4C1DE3892ACDA9D70093BD24 /* clicker_gameUITestsLaunchTests.swift in Sources */,
				4C1DE3872ACDA9D70093BD24 /* clicker_gameUITests.swift in Sources */,
			);
			runOnlyForDeploymentPostprocessing = 0;
		};
/* End PBXSourcesBuildPhase section */

/* Begin PBXTargetDependency section */
		4C1DE37A2ACDA9D70093BD24 /* PBXTargetDependency */ = {
			isa = PBXTargetDependency;
			target = 4C1DE35E2ACDA9D60093BD24 /* clicker game */;
			targetProxy = 4C1DE3792ACDA9D70093BD24 /* PBXContainerItemProxy */;
		};
		4C1DE3842ACDA9D70093BD24 /* PBXTargetDependency */ = {
			isa = PBXTargetDependency;
			target = 4C1DE35E2ACDA9D60093BD24 /* clicker game */;
			targetProxy = 4C1DE3832ACDA9D70093BD24 /* PBXContainerItemProxy */;
		};
/* End PBXTargetDependency section */

/* Begin PBXVariantGroup section */
		4C1DE3682ACDA9D60093BD24 /* Main.storyboard */ = {
			isa = PBXVariantGroup;
			children = (
				4C1DE3692ACDA9D60093BD24 /* Base */,
			);
			name = Main.storyboard;
			sourceTree = "<group>";
		};
		4C1DE3702ACDA9D70093BD24 /* LaunchScreen.storyboard */ = {
			isa = PBXVariantGroup;
			children = (
				4C1DE3712ACDA9D70093BD24 /* Base */,
			);
			name = LaunchScreen.storyboard;
			sourceTree = "<group>";
		};
/* End PBXVariantGroup section */

/* Begin XCBuildConfiguration section */
		4C1DE38A2ACDA9D70093BD24 /* Debug */ = {
			isa = XCBuildConfiguration;
			buildSettings = {
				ALWAYS_SEARCH_USER_PATHS = NO;
				CLANG_ANALYZER_NONNULL = YES;
				CLANG_ANALYZER_NUMBER_OBJECT_CONVERSION = YES_AGGRESSIVE;
				CLANG_CXX_LANGUAGE_STANDARD = "gnu++20";
				CLANG_ENABLE_MODULES = YES;
				CLANG_ENABLE_OBJC_ARC = YES;
				CLANG_ENABLE_OBJC_WEAK = YES;
				CLANG_WARN_BLOCK_CAPTURE_AUTORELEASING = YES;
				CLANG_WARN_BOOL_CONVERSION = YES;
				CLANG_WARN_COMMA = YES;
				CLANG_WARN_CONSTANT_CONVERSION = YES;
				CLANG_WARN_DEPRECATED_OBJC_IMPLEMENTATIONS = YES;
				CLANG_WARN_DIRECT_OBJC_ISA_USAGE = YES_ERROR;
				CLANG_WARN_DOCUMENTATION_COMMENTS = YES;
				CLANG_WARN_EMPTY_BODY = YES;
				CLANG_WARN_ENUM_CONVERSION = YES;
				CLANG_WARN_INFINITE_RECURSION = YES;
				CLANG_WARN_INT_CONVERSION = YES;
				CLANG_WARN_NON_LITERAL_NULL_CONVERSION = YES;
				CLANG_WARN_OBJC_IMPLICIT_RETAIN_SELF = YES;
				CLANG_WARN_OBJC_LITERAL_CONVERSION = YES;
				CLANG_WARN_OBJC_ROOT_CLASS = YES_ERROR;
				CLANG_WARN_QUOTED_INCLUDE_IN_FRAMEWORK_HEADER = YES;
				CLANG_WARN_RANGE_LOOP_ANALYSIS = YES;
				CLANG_WARN_STRICT_PROTOTYPES = YES;
				CLANG_WARN_SUSPICIOUS_MOVE = YES;
				CLANG_WARN_UNGUARDED_AVAILABILITY = YES_AGGRESSIVE;
				CLANG_WARN_UNREACHABLE_CODE = YES;
				CLANG_WARN__DUPLICATE_METHOD_MATCH = YES;
				COPY_PHASE_STRIP = NO;
				DEBUG_INFORMATION_FORMAT = dwarf;
				ENABLE_STRICT_OBJC_MSGSEND = YES;
				ENABLE_TESTABILITY = YES;
				GCC_C_LANGUAGE_STANDARD = gnu11;
				GCC_DYNAMIC_NO_PIC = NO;
				GCC_NO_COMMON_BLOCKS = YES;
				GCC_OPTIMIZATION_LEVEL = 0;
				GCC_PREPROCESSOR_DEFINITIONS = (
					"DEBUG=1",
					"$(inherited)",
				);
				GCC_WARN_64_TO_32_BIT_CONVERSION = YES;
				GCC_WARN_ABOUT_RETURN_TYPE = YES_ERROR;
				GCC_WARN_UNDECLARED_SELECTOR = YES;
				GCC_WARN_UNINITIALIZED_AUTOS = YES_AGGRESSIVE;
				GCC_WARN_UNUSED_FUNCTION = YES;
				GCC_WARN_UNUSED_VARIABLE = YES;
				IPHONEOS_DEPLOYMENT_TARGET = 16.4;
				MTL_ENABLE_DEBUG_INFO = INCLUDE_SOURCE;
				MTL_FAST_MATH = YES;
				ONLY_ACTIVE_ARCH = YES;
				SDKROOT = iphoneos;
				SWIFT_ACTIVE_COMPILATION_CONDITIONS = DEBUG;
				SWIFT_OPTIMIZATION_LEVEL = "-Onone";
			};
			name = Debug;
		};
		4C1DE38B2ACDA9D70093BD24 /* Release */ = {
			isa = XCBuildConfiguration;
			buildSettings = {
				ALWAYS_SEARCH_USER_PATHS = NO;
				CLANG_ANALYZER_NONNULL = YES;
				CLANG_ANALYZER_NUMBER_OBJECT_CONVERSION = YES_AGGRESSIVE;
				CLANG_CXX_LANGUAGE_STANDARD = "gnu++20";
				CLANG_ENABLE_MODULES = YES;
				CLANG_ENABLE_OBJC_ARC = YES;
				CLANG_ENABLE_OBJC_WEAK = YES;
				CLANG_WARN_BLOCK_CAPTURE_AUTORELEASING = YES;
				CLANG_WARN_BOOL_CONVERSION = YES;
				CLANG_WARN_COMMA = YES;
				CLANG_WARN_CONSTANT_CONVERSION = YES;
				CLANG_WARN_DEPRECATED_OBJC_IMPLEMENTATIONS = YES;
				CLANG_WARN_DIRECT_OBJC_ISA_USAGE = YES_ERROR;
				CLANG_WARN_DOCUMENTATION_COMMENTS = YES;
				CLANG_WARN_EMPTY_BODY = YES;
				CLANG_WARN_ENUM_CONVERSION = YES;
				CLANG_WARN_INFINITE_RECURSION = YES;
				CLANG_WARN_INT_CONVERSION = YES;
				CLANG_WARN_NON_LITERAL_NULL_CONVERSION = YES;
				CLANG_WARN_OBJC_IMPLICIT_RETAIN_SELF = YES;
				CLANG_WARN_OBJC_LITERAL_CONVERSION = YES;
				CLANG_WARN_OBJC_ROOT_CLASS = YES_ERROR;
				CLANG_WARN_QUOTED_INCLUDE_IN_FRAMEWORK_HEADER = YES;
				CLANG_WARN_RANGE_LOOP_ANALYSIS = YES;
				CLANG_WARN_STRICT_PROTOTYPES = YES;
				CLANG_WARN_SUSPICIOUS_MOVE = YES;
				CLANG_WARN_UNGUARDED_AVAILABILITY = YES_AGGRESSIVE;
				CLANG_WARN_UNREACHABLE_CODE = YES;
				CLANG_WARN__DUPLICATE_METHOD_MATCH = YES;
				COPY_PHASE_STRIP = NO;
				DEBUG_INFORMATION_FORMAT = "dwarf-with-dsym";
				ENABLE_NS_ASSERTIONS = NO;
				ENABLE_STRICT_OBJC_MSGSEND = YES;
				GCC_C_LANGUAGE_STANDARD = gnu11;
				GCC_NO_COMMON_BLOCKS = YES;
				GCC_WARN_64_TO_32_BIT_CONVERSION = YES;
				GCC_WARN_ABOUT_RETURN_TYPE = YES_ERROR;
				GCC_WARN_UNDECLARED_SELECTOR = YES;
				GCC_WARN_UNINITIALIZED_AUTOS = YES_AGGRESSIVE;
				GCC_WARN_UNUSED_FUNCTION = YES;
				GCC_WARN_UNUSED_VARIABLE = YES;
				IPHONEOS_DEPLOYMENT_TARGET = 16.4;
				MTL_ENABLE_DEBUG_INFO = NO;
				MTL_FAST_MATH = YES;
				SDKROOT = iphoneos;
				SWIFT_COMPILATION_MODE = wholemodule;
				SWIFT_OPTIMIZATION_LEVEL = "-O";
				VALIDATE_PRODUCT = YES;
			};
			name = Release;
		};
		4C1DE38D2ACDA9D70093BD24 /* Debug */ = {
			isa = XCBuildConfiguration;
			buildSettings = {
				ASSETCATALOG_COMPILER_APPICON_NAME = AppIcon;
				ASSETCATALOG_COMPILER_GLOBAL_ACCENT_COLOR_NAME = AccentColor;
				CODE_SIGN_STYLE = Automatic;
				CURRENT_PROJECT_VERSION = 1;
				DEVELOPMENT_TEAM = 35JGHH6ZTT;
				GENERATE_INFOPLIST_FILE = YES;
				INFOPLIST_FILE = "clicker game/Info.plist";
				INFOPLIST_KEY_UIApplicationSupportsIndirectInputEvents = YES;
				INFOPLIST_KEY_UILaunchStoryboardName = LaunchScreen;
				INFOPLIST_KEY_UIMainStoryboardFile = Main;
				INFOPLIST_KEY_UISupportedInterfaceOrientations_iPad = "UIInterfaceOrientationPortrait UIInterfaceOrientationPortraitUpsideDown UIInterfaceOrientationLandscapeLeft UIInterfaceOrientationLandscapeRight";
				INFOPLIST_KEY_UISupportedInterfaceOrientations_iPhone = "UIInterfaceOrientationPortrait UIInterfaceOrientationLandscapeLeft UIInterfaceOrientationLandscapeRight";
				LD_RUNPATH_SEARCH_PATHS = (
					"$(inherited)",
					"@executable_path/Frameworks",
				);
				MARKETING_VERSION = 1.0;
				PRODUCT_BUNDLE_IDENTIFIER = "clc.clicker-game";
				PRODUCT_NAME = "$(TARGET_NAME)";
				SWIFT_EMIT_LOC_STRINGS = YES;
				SWIFT_VERSION = 5.0;
				TARGETED_DEVICE_FAMILY = "1,2";
			};
			name = Debug;
		};
		4C1DE38E2ACDA9D70093BD24 /* Release */ = {
			isa = XCBuildConfiguration;
			buildSettings = {
				ASSETCATALOG_COMPILER_APPICON_NAME = AppIcon;
				ASSETCATALOG_COMPILER_GLOBAL_ACCENT_COLOR_NAME = AccentColor;
				CODE_SIGN_STYLE = Automatic;
				CURRENT_PROJECT_VERSION = 1;
				DEVELOPMENT_TEAM = 35JGHH6ZTT;
				GENERATE_INFOPLIST_FILE = YES;
				INFOPLIST_FILE = "clicker game/Info.plist";
				INFOPLIST_KEY_UIApplicationSupportsIndirectInputEvents = YES;
				INFOPLIST_KEY_UILaunchStoryboardName = LaunchScreen;
				INFOPLIST_KEY_UIMainStoryboardFile = Main;
				INFOPLIST_KEY_UISupportedInterfaceOrientations_iPad = "UIInterfaceOrientationPortrait UIInterfaceOrientationPortraitUpsideDown UIInterfaceOrientationLandscapeLeft UIInterfaceOrientationLandscapeRight";
				INFOPLIST_KEY_UISupportedInterfaceOrientations_iPhone = "UIInterfaceOrientationPortrait UIInterfaceOrientationLandscapeLeft UIInterfaceOrientationLandscapeRight";
				LD_RUNPATH_SEARCH_PATHS = (
					"$(inherited)",
					"@executable_path/Frameworks",
				);
				MARKETING_VERSION = 1.0;
				PRODUCT_BUNDLE_IDENTIFIER = "clc.clicker-game";
				PRODUCT_NAME = "$(TARGET_NAME)";
				SWIFT_EMIT_LOC_STRINGS = YES;
				SWIFT_VERSION = 5.0;
				TARGETED_DEVICE_FAMILY = "1,2";
			};
			name = Release;
		};
		4C1DE3902ACDA9D70093BD24 /* Debug */ = {
			isa = XCBuildConfiguration;
			buildSettings = {
				ALWAYS_EMBED_SWIFT_STANDARD_LIBRARIES = YES;
				BUNDLE_LOADER = "$(TEST_HOST)";
				CODE_SIGN_STYLE = Automatic;
				CURRENT_PROJECT_VERSION = 1;
				DEVELOPMENT_TEAM = 35JGHH6ZTT;
				GENERATE_INFOPLIST_FILE = YES;
				IPHONEOS_DEPLOYMENT_TARGET = 16.4;
				MARKETING_VERSION = 1.0;
				PRODUCT_BUNDLE_IDENTIFIER = "clc.clicker-gameTests";
				PRODUCT_NAME = "$(TARGET_NAME)";
				SWIFT_EMIT_LOC_STRINGS = NO;
				SWIFT_VERSION = 5.0;
				TARGETED_DEVICE_FAMILY = "1,2";
				TEST_HOST = "$(BUILT_PRODUCTS_DIR)/clicker game.app/$(BUNDLE_EXECUTABLE_FOLDER_PATH)/clicker game";
			};
			name = Debug;
		};
		4C1DE3912ACDA9D70093BD24 /* Release */ = {
			isa = XCBuildConfiguration;
			buildSettings = {
				ALWAYS_EMBED_SWIFT_STANDARD_LIBRARIES = YES;
				BUNDLE_LOADER = "$(TEST_HOST)";
				CODE_SIGN_STYLE = Automatic;
				CURRENT_PROJECT_VERSION = 1;
				DEVELOPMENT_TEAM = 35JGHH6ZTT;
				GENERATE_INFOPLIST_FILE = YES;
				IPHONEOS_DEPLOYMENT_TARGET = 16.4;
				MARKETING_VERSION = 1.0;
				PRODUCT_BUNDLE_IDENTIFIER = "clc.clicker-gameTests";
				PRODUCT_NAME = "$(TARGET_NAME)";
				SWIFT_EMIT_LOC_STRINGS = NO;
				SWIFT_VERSION = 5.0;
				TARGETED_DEVICE_FAMILY = "1,2";
				TEST_HOST = "$(BUILT_PRODUCTS_DIR)/clicker game.app/$(BUNDLE_EXECUTABLE_FOLDER_PATH)/clicker game";
			};
			name = Release;
		};
		4C1DE3932ACDA9D70093BD24 /* Debug */ = {
			isa = XCBuildConfiguration;
			buildSettings = {
				ALWAYS_EMBED_SWIFT_STANDARD_LIBRARIES = YES;
				CODE_SIGN_STYLE = Automatic;
				CURRENT_PROJECT_VERSION = 1;
				DEVELOPMENT_TEAM = 35JGHH6ZTT;
				GENERATE_INFOPLIST_FILE = YES;
				MARKETING_VERSION = 1.0;
				PRODUCT_BUNDLE_IDENTIFIER = "clc.clicker-gameUITests";
				PRODUCT_NAME = "$(TARGET_NAME)";
				SWIFT_EMIT_LOC_STRINGS = NO;
				SWIFT_VERSION = 5.0;
				TARGETED_DEVICE_FAMILY = "1,2";
				TEST_TARGET_NAME = "clicker game";
			};
			name = Debug;
		};
		4C1DE3942ACDA9D70093BD24 /* Release */ = {
			isa = XCBuildConfiguration;
			buildSettings = {
				ALWAYS_EMBED_SWIFT_STANDARD_LIBRARIES = YES;
				CODE_SIGN_STYLE = Automatic;
				CURRENT_PROJECT_VERSION = 1;
				DEVELOPMENT_TEAM = 35JGHH6ZTT;
				GENERATE_INFOPLIST_FILE = YES;
				MARKETING_VERSION = 1.0;
				PRODUCT_BUNDLE_IDENTIFIER = "clc.clicker-gameUITests";
				PRODUCT_NAME = "$(TARGET_NAME)";
				SWIFT_EMIT_LOC_STRINGS = NO;
				SWIFT_VERSION = 5.0;
				TARGETED_DEVICE_FAMILY = "1,2";
				TEST_TARGET_NAME = "clicker game";
			};
			name = Release;
		};
/* End XCBuildConfiguration section */

/* Begin XCConfigurationList section */
		4C1DE35A2ACDA9D60093BD24 /* Build configuration list for PBXProject "clicker game" */ = {
			isa = XCConfigurationList;
			buildConfigurations = (
				4C1DE38A2ACDA9D70093BD24 /* Debug */,
				4C1DE38B2ACDA9D70093BD24 /* Release */,
			);
			defaultConfigurationIsVisible = 0;
			defaultConfigurationName = Release;
		};
		4C1DE38C2ACDA9D70093BD24 /* Build configuration list for PBXNativeTarget "clicker game" */ = {
			isa = XCConfigurationList;
			buildConfigurations = (
				4C1DE38D2ACDA9D70093BD24 /* Debug */,
				4C1DE38E2ACDA9D70093BD24 /* Release */,
			);
			defaultConfigurationIsVisible = 0;
			defaultConfigurationName = Release;
		};
		4C1DE38F2ACDA9D70093BD24 /* Build configuration list for PBXNativeTarget "clicker gameTests" */ = {
			isa = XCConfigurationList;
			buildConfigurations = (
				4C1DE3902ACDA9D70093BD24 /* Debug */,
				4C1DE3912ACDA9D70093BD24 /* Release */,
			);
			defaultConfigurationIsVisible = 0;
			defaultConfigurationName = Release;
		};
		4C1DE3922ACDA9D70093BD24 /* Build configuration list for PBXNativeTarget "clicker gameUITests" */ = {
			isa = XCConfigurationList;
			buildConfigurations = (
				4C1DE3932ACDA9D70093BD24 /* Debug */,
				4C1DE3942ACDA9D70093BD24 /* Release */,
			);
			defaultConfigurationIsVisible = 0;
			defaultConfigurationName = Release;
		};
/* End XCConfigurationList section */

/* Begin XCVersionGroup section */
		4C1DE36B2ACDA9D60093BD24 /* clicker_game.xcdatamodeld */ = {
			isa = XCVersionGroup;
			children = (
				4C1DE36C2ACDA9D60093BD24 /* clicker_game.xcdatamodel */,
			);
			currentVersion = 4C1DE36C2ACDA9D60093BD24 /* clicker_game.xcdatamodel */;
			path = clicker_game.xcdatamodeld;
			sourceTree = "<group>";
			versionGroupType = wrapper.xcdatamodel;
		};
/* End XCVersionGroup section */
	};
	rootObject = 4C1DE3572ACDA9D60093BD24 /* Project object */;
}
